
Microsoft Visual Studio Solution File, Format Version 12.00
# Visual Studio Version 17
VisualStudioVersion = 17.5.33502.453
MinimumVisualStudioVersion = 10.0.40219.1
Project("{FAE04EC0-301F-11D3-BF4B-00C04F79EFBC}") = "Week 2 lesson nr 17 - 29maj2023", "29maj2023\Week 2 lesson nr 17 - 29maj2023.csproj", "{1D996D1B-0B84-4D69-B5BC-18651BAA6AB7}"
EndProject
Project("{FAE04EC0-301F-11D3-BF4B-00C04F79EFBC}") = "Lesson nr 17 próba widoczności", "Lesson nr 17 próba widoczności\Lesson nr 17 próba widoczności.csproj", "{C3D2A623-D558-4CBB-A045-A82756A9AAEE}"
EndProject
Global
	GlobalSection(SolutionConfigurationPlatforms) = preSolution
		Debug|Any CPU = Debug|Any CPU
		Release|Any CPU = Release|Any CPU
	EndGlobalSection
	GlobalSection(ProjectConfigurationPlatforms) = postSolution
		{1D996D1B-0B84-4D69-B5BC-18651BAA6AB7}.Debug|Any CPU.ActiveCfg = Debug|Any CPU
		{1D996D1B-0B84-4D69-B5BC-18651BAA6AB7}.Debug|Any CPU.Build.0 = Debug|Any CPU
		{1D996D1B-0B84-4D69-B5BC-18651BAA6AB7}.Release|Any CPU.ActiveCfg = Release|Any CPU
		{1D996D1B-0B84-4D69-B5BC-18651BAA6AB7}.Release|Any CPU.Build.0 = Release|Any CPU
		{C3D2A623-D558-4CBB-A045-A82756A9AAEE}.Debug|Any CPU.ActiveCfg = Debug|Any CPU
		{C3D2A623-D558-4CBB-A045-A82756A9AAEE}.Debug|Any CPU.Build.0 = Debug|Any CPU
		{C3D2A623-D558-4CBB-A045-A82756A9AAEE}.Release|Any CPU.ActiveCfg = Release|Any CPU
		{C3D2A623-D558-4CBB-A045-A82756A9AAEE}.Release|Any CPU.Build.0 = Release|Any CPU
	EndGlobalSection
	GlobalSection(SolutionProperties) = preSolution
		HideSolutionNode = FALSE
	EndGlobalSection
	GlobalSection(ExtensibilityGlobals) = postSolution
		SolutionGuid = {3D03E0FC-70F5-4C44-AD57-BB740561347E}
	EndGlobalSection
EndGlobal
